{
  "nodes": {
    "flake-compat": {
      "flake": false,
      "locked": {
        "lastModified": 1673956053,
        "narHash": "sha256-4gtG9iQuiKITOjNQQeQIpoIB6b16fm+504Ch3sNKLd8=",
        "owner": "edolstra",
        "repo": "flake-compat",
        "rev": "35bb57c0c8d8b62bbfd284272c928ceb64ddbde9",
        "type": "github"
      },
      "original": {
        "owner": "edolstra",
        "repo": "flake-compat",
        "type": "github"
      }
    },
    "flake-utils": {
      "inputs": {
        "systems": "systems"
      },
      "locked": {
        "lastModified": 1681202837,
        "narHash": "sha256-H+Rh19JDwRtpVPAWp64F+rlEtxUWBAQW28eAi3SRSzg=",
        "owner": "numtide",
        "repo": "flake-utils",
        "rev": "cfacdce06f30d2b68473a46042957675eebb3401",
        "type": "github"
      },
      "original": {
        "owner": "numtide",
        "repo": "flake-utils",
        "type": "github"
      }
    },
    "git-hook-deny-fixme": {
      "flake": false,
      "locked": {
        "lastModified": 1,
        "narHash": "sha256-VDoZtMQxiFfEge+YXCjamnBjDeaogutKUUb30AxeUUU=",
        "path": "../.config/git/hooks/deny-fixme.sh",
        "type": "path"
      },
      "original": {
        "path": "../.config/git/hooks/deny-fixme.sh",
        "type": "path"
      }
    },
    "home-manager": {
      "inputs": {
        "nixpkgs": "nixpkgs"
      },
      "locked": {
        "lastModified": 1706981411,
        "narHash": "sha256-cLbLPTL1CDmETVh4p0nQtvoF+FSEjsnJTFpTxhXywhQ=",
        "owner": "nix-community",
        "repo": "home-manager",
        "rev": "652fda4ca6dafeb090943422c34ae9145787af37",
        "type": "github"
      },
      "original": {
        "owner": "nix-community",
        "ref": "release-23.11",
        "repo": "home-manager",
        "type": "github"
      }
    },
    "kmonad": {
      "inputs": {
        "nixpkgs": "nixpkgs_2"
      },
      "locked": {
        "dir": "nix",
        "lastModified": 1707380788,
        "narHash": "sha256-81s0L/djkW6TGaalSqguRz4JoCrAOG6Xx59Kt7kjZ6c=",
        "owner": "kmonad",
        "repo": "kmonad",
        "rev": "8a963a05d3998c6edc7eb87e5772548cc31e0aea",
        "type": "github"
      },
      "original": {
        "dir": "nix",
        "owner": "kmonad",
        "repo": "kmonad",
        "type": "github"
      }
    },
    "kmonad-config": {
      "flake": false,
      "locked": {
        "lastModified": 1,
        "narHash": "sha256-HZZ56616JXyTbE8aR5VstEOUbKgFyrn6D1BWjlekS9Y=",
        "path": "../.config/kmonad/config.kbd",
        "type": "path"
      },
      "original": {
        "path": "../.config/kmonad/config.kbd",
        "type": "path"
      }
    },
    "nixpkgs": {
      "locked": {
        "lastModified": 1705331948,
        "narHash": "sha256-qjQXfvrAT1/RKDFAMdl8Hw3m4tLVvMCc8fMqzJv0pP4=",
        "owner": "NixOS",
        "repo": "nixpkgs",
        "rev": "b8dd8be3c790215716e7c12b247f45ca525867e2",
        "type": "github"
      },
      "original": {
        "owner": "NixOS",
        "ref": "nixos-23.11",
        "repo": "nixpkgs",
        "type": "github"
      }
    },
    "nixpkgs_2": {
      "locked": {
        "lastModified": 1705242415,
        "narHash": "sha256-a8DRYrNrzTudvO7XHUPNJD89Wbf1ZZT0VbwCsPnHWaE=",
        "owner": "NixOS",
        "repo": "nixpkgs",
        "rev": "ea780f3de2d169f982564128804841500e85e373",
        "type": "github"
      },
      "original": {
        "owner": "NixOS",
        "ref": "nixpkgs-unstable",
        "repo": "nixpkgs",
        "type": "github"
      }
    },
    "nixpkgs_3": {
      "locked": {
        "lastModified": 1707381670,
        "narHash": "sha256-ZzwX30foF0+e8nxIZx3y+TPOsqLHt4PVJHaa78xSqAM=",
        "owner": "NixOS",
        "repo": "nixpkgs",
        "rev": "5b3bb7e41938c6f3ee51507f1b21241721b3b39a",
        "type": "github"
      },
      "original": {
        "owner": "NixOS",
        "ref": "release-23.11",
        "repo": "nixpkgs",
        "type": "github"
      }
    },
    "nixpkgs_4": {
      "locked": {
        "lastModified": 1684570954,
        "narHash": "sha256-FX5y4Sm87RWwfu9PI71XFvuRpZLowh00FQpIJ1WfXqE=",
        "owner": "NixOS",
        "repo": "nixpkgs",
        "rev": "3005f20ce0aaa58169cdee57c8aa12e5f1b6e1b3",
        "type": "github"
      },
      "original": {
        "owner": "NixOS",
        "ref": "nixos-unstable",
        "repo": "nixpkgs",
        "type": "github"
      }
    },
    "root": {
      "inputs": {
        "git-hook-deny-fixme": "git-hook-deny-fixme",
        "home-manager": "home-manager",
        "kmonad": "kmonad",
        "kmonad-config": "kmonad-config",
        "nixpkgs": "nixpkgs_3",
        "vscode-extensions": "vscode-extensions",
        "waybar-style": "waybar-style"
      }
    },
    "systems": {
      "locked": {
        "lastModified": 1681028828,
        "narHash": "sha256-Vy1rq5AaRuLzOxct8nz4T6wlgyUR7zLU309k9mBC768=",
        "owner": "nix-systems",
        "repo": "default",
        "rev": "da67096a3b9bf56a91d16901293e51ba5b49a27e",
        "type": "github"
      },
      "original": {
        "owner": "nix-systems",
        "repo": "default",
        "type": "github"
      }
    },
    "vscode-extensions": {
      "inputs": {
        "flake-compat": "flake-compat",
        "flake-utils": "flake-utils",
        "nixpkgs": "nixpkgs_4"
      },
      "locked": {
        "lastModified": 1707354865,
        "narHash": "sha256-u3bzIeFvvJix2Shb0jVN5qP1OJzowUn+23GtiQL4Prw=",
        "owner": "nix-community",
        "repo": "nix-vscode-extensions",
        "rev": "e3ad5def2bdaf7d0d012de6ddd6a5f5246e5f9e8",
        "type": "github"
      },
      "original": {
        "owner": "nix-community",
        "repo": "nix-vscode-extensions",
        "type": "github"
      }
    },
    "waybar-style": {
      "flake": false,
      "locked": {
        "lastModified": 1,
        "narHash": "sha256-N3m7yYYlJyNVbe0UN6vCsiqxqs3NQQMDdu246IvcE4A=",
        "path": "./waybar-style.css",
        "type": "path"
      },
      "original": {
        "path": "./waybar-style.css",
        "type": "path"
      }
    }
  },
  "root": "root",
  "version": 7
}
