{
  "nodes": {
    "git-hook-deny-fixme": {
      "flake": false,
      "locked": {
        "path": "../.config/git/hooks/deny-fixme.sh",
        "type": "path"
      },
      "original": {
        "path": "../.config/git/hooks/deny-fixme.sh",
        "type": "path"
      },
      "parent": []
    },
    "home-manager": {
      "inputs": {
        "nixpkgs": "nixpkgs"
      },
      "locked": {
        "lastModified": 1779506708,
        "narHash": "sha256-QOD/CNm196nCJRheux/URi4/HE66fthdOMqCJoPP1Y0=",
        "owner": "nix-community",
        "repo": "home-manager",
        "rev": "3ee51fbdac8c8bdfe1e7e1fcaba6520a563f394f",
        "type": "github"
      },
      "original": {
        "owner": "nix-community",
        "ref": "release-25.11",
        "repo": "home-manager",
        "type": "github"
      }
    },
    "kmonad": {
      "inputs": {
        "nixpkgs": "nixpkgs_2"
      },
      "locked": {
        "dir": "nix",
        "lastModified": 1778851202,
        "narHash": "sha256-UB1NEkB++msUFouWmCV5TA3b/XE+R6poeCRCnoUOpf0=",
        "owner": "kmonad",
        "repo": "kmonad",
        "rev": "8a88da3c2b6680fe77e77785ab527ff98f6a37ae",
        "type": "github"
      },
      "original": {
        "dir": "nix",
        "owner": "kmonad",
        "repo": "kmonad",
        "type": "github"
      }
    },
    "kmonad-config": {
      "flake": false,
      "locked": {
        "path": "../.config/kmonad/config.kbd",
        "type": "path"
      },
      "original": {
        "path": "../.config/kmonad/config.kbd",
        "type": "path"
      },
      "parent": []
    },
    "nixpkgs": {
      "locked": {
        "lastModified": 1779102034,
        "narHash": "sha256-vZJZjLo513IeI8hjzHFc6TDezUd4uCE2Eq4SNO3DNNg=",
        "owner": "NixOS",
        "repo": "nixpkgs",
        "rev": "687f05a9184cad4eaf905c48b63649e3a86f5433",
        "type": "github"
      },
      "original": {
        "owner": "NixOS",
        "ref": "nixos-25.11",
        "repo": "nixpkgs",
        "type": "github"
      }
    },
    "nixpkgs-unstable": {
      "locked": {
        "lastModified": 1779560665,
        "narHash": "sha256-tpyBcxPpcQb8ukyNF7DoCwfSY3VPsxHoYwj00Cayv5o=",
        "owner": "NixOS",
        "repo": "nixpkgs",
        "rev": "64c08a7ca051951c8eae34e3e3cb1e202fe36786",
        "type": "github"
      },
      "original": {
        "owner": "NixOS",
        "ref": "nixos-unstable",
        "repo": "nixpkgs",
        "type": "github"
      }
    },
    "nixpkgs_2": {
      "locked": {
        "lastModified": 1768395095,
        "narHash": "sha256-ZhuYJbwbZT32QA95tSkXd9zXHcdZj90EzHpEXBMabaw=",
        "owner": "NixOS",
        "repo": "nixpkgs",
        "rev": "13868c071cc73a5e9f610c47d7bb08e5da64fdd5",
        "type": "github"
      },
      "original": {
        "owner": "NixOS",
        "ref": "nixpkgs-unstable",
        "repo": "nixpkgs",
        "type": "github"
      }
    },
    "nixpkgs_3": {
      "locked": {
        "lastModified": 1779887605,
        "narHash": "sha256-S6QSHMWpBDC410T6iJMd/+WC8iZzRXUZ7ikwYjETb5o=",
        "owner": "NixOS",
        "repo": "nixpkgs",
        "rev": "e60871b207281391f06d04586686688e630d4576",
        "type": "github"
      },
      "original": {
        "owner": "NixOS",
        "ref": "release-25.11",
        "repo": "nixpkgs",
        "type": "github"
      }
    },
    "nixpkgs_4": {
      "locked": {
        "lastModified": 1777207419,
        "narHash": "sha256-V3bmPWAajDiC+1ClDOp55gianW2EyRJSJOyu1RUQibc=",
        "owner": "nixos",
        "repo": "nixpkgs",
        "rev": "a7ecea3deccfbdbf22945a89984fcc5a169da8aa",
        "type": "github"
      },
      "original": {
        "owner": "nixos",
        "repo": "nixpkgs",
        "rev": "a7ecea3deccfbdbf22945a89984fcc5a169da8aa",
        "type": "github"
      }
    },
    "root": {
      "inputs": {
        "git-hook-deny-fixme": "git-hook-deny-fixme",
        "home-manager": "home-manager",
        "kmonad": "kmonad",
        "kmonad-config": "kmonad-config",
        "nixpkgs": "nixpkgs_3",
        "nixpkgs-unstable": "nixpkgs-unstable",
        "vscode-extensions": "vscode-extensions",
        "waybar-style": "waybar-style"
      }
    },
    "vscode-extensions": {
      "inputs": {
        "nixpkgs": "nixpkgs_4"
      },
      "locked": {
        "lastModified": 1779855493,
        "narHash": "sha256-03zI9JM/tz+APwMvVgKXSeLhAM0oev+58/Xs//4+Bbg=",
        "owner": "nix-community",
        "repo": "nix-vscode-extensions",
        "rev": "70518f6c1987061b291bb53abfd7846d6838c23f",
        "type": "github"
      },
      "original": {
        "owner": "nix-community",
        "repo": "nix-vscode-extensions",
        "type": "github"
      }
    },
    "waybar-style": {
      "flake": false,
      "locked": {
        "path": "./waybar-style.css",
        "type": "path"
      },
      "original": {
        "path": "./waybar-style.css",
        "type": "path"
      },
      "parent": []
    }
  },
  "root": "root",
  "version": 7
}
